
Microsoft Visual Studio Solution File, Format Version 12.00
# Visual Studio Version 17
VisualStudioVersion = 17.4.33205.214
MinimumVisualStudioVersion = 10.0.40219.1
Project("{FAE04EC0-301F-11D3-BF4B-00C04F79EFBC}") = "lab04", "lab04\lab04.csproj", "{3151F4B4-E959-4997-9CC5-2BD3E6F3CBAF}"
EndProject
Global
	GlobalSection(SolutionConfigurationPlatforms) = preSolution
		Debug|anycpu = Debug|anycpu
		Release|anycpu = Release|anycpu
	EndGlobalSection
	GlobalSection(ProjectConfigurationPlatforms) = postSolution
		{3151F4B4-E959-4997-9CC5-2BD3E6F3CBAF}.Debug|anycpu.ActiveCfg = Debug|Any CPU
		{3151F4B4-E959-4997-9CC5-2BD3E6F3CBAF}.Release|anycpu.ActiveCfg = Debug|Any CPU
	EndGlobalSection
	GlobalSection(SolutionProperties) = preSolution
		HideSolutionNode = FALSE
	EndGlobalSection
	GlobalSection(ExtensibilityGlobals) = postSolution
		SolutionGuid = {4A6A0D77-0CB7-43B7-947D-351632822C6F}
	EndGlobalSection
EndGlobal
